
Microsoft Visual Studio Solution File, Format Version 12.00
# Visual Studio 15
VisualStudioVersion = 15.0.26228.4
MinimumVisualStudioVersion = 10.0.40219.1
Project("{FAE04EC0-301F-11D3-BF4B-00C04F79EFBC}") = "Collaborative", "RecommendationSystem\Collaborative.csproj", "{5EFAEBF1-F9AE-40DD-89F6-6B5F4A36B23A}"
EndProject
Project("{FAE04EC0-301F-11D3-BF4B-00C04F79EFBC}") = "ContentBased", "ContentBased\ContentBased.csproj", "{C19FC39A-B3E0-4767-BA32-D0FF919DFDE4}"
EndProject
Global
	GlobalSection(SolutionConfigurationPlatforms) = preSolution
		Debug|Any CPU = Debug|Any CPU
		Release|Any CPU = Release|Any CPU
	EndGlobalSection
	GlobalSection(ProjectConfigurationPlatforms) = postSolution
		{5EFAEBF1-F9AE-40DD-89F6-6B5F4A36B23A}.Debug|Any CPU.ActiveCfg = Debug|Any CPU
		{5EFAEBF1-F9AE-40DD-89F6-6B5F4A36B23A}.Debug|Any CPU.Build.0 = Debug|Any CPU
		{5EFAEBF1-F9AE-40DD-89F6-6B5F4A36B23A}.Release|Any CPU.ActiveCfg = Release|Any CPU
		{5EFAEBF1-F9AE-40DD-89F6-6B5F4A36B23A}.Release|Any CPU.Build.0 = Release|Any CPU
		{C19FC39A-B3E0-4767-BA32-D0FF919DFDE4}.Debug|Any CPU.ActiveCfg = Debug|Any CPU
		{C19FC39A-B3E0-4767-BA32-D0FF919DFDE4}.Debug|Any CPU.Build.0 = Debug|Any CPU
		{C19FC39A-B3E0-4767-BA32-D0FF919DFDE4}.Release|Any CPU.ActiveCfg = Release|Any CPU
		{C19FC39A-B3E0-4767-BA32-D0FF919DFDE4}.Release|Any CPU.Build.0 = Release|Any CPU
	EndGlobalSection
	GlobalSection(SolutionProperties) = preSolution
		HideSolutionNode = FALSE
	EndGlobalSection
EndGlobal
